// !$*UTF8*$!
{
	archiveVersion = 1;
	classes = {
	};
	objectVersion = 55;
	objects = {

/* Begin PBXBuildFile section */
		F46B521727B40F8A00E9E18F /* TastySnacksApp.swift in Sources */ = {isa = PBXBuildFile; fileRef = F46B521627B40F8A00E9E18F /* TastySnacksApp.swift */; };
		F46B521927B40F8A00E9E18F /* TastySnacksTabView.swift in Sources */ = {isa = PBXBuildFile; fileRef = F46B521827B40F8A00E9E18F /* TastySnacksTabView.swift */; };
		F46B521B27B40F8D00E9E18F /* Assets.xcassets in Resources */ = {isa = PBXBuildFile; fileRef = F46B521A27B40F8D00E9E18F /* Assets.xcassets */; };
		F46B521E27B40F8D00E9E18F /* Preview Assets.xcassets in Resources */ = {isa = PBXBuildFile; fileRef = F46B521D27B40F8D00E9E18F /* Preview Assets.xcassets */; };
		F46B522627B4111E00E9E18F /* TastySnackListView.swift in Sources */ = {isa = PBXBuildFile; fileRef = F46B522527B4111E00E9E18F /* TastySnackListView.swift */; };
		F46B522827B4113100E9E18F /* AccountView.swift in Sources */ = {isa = PBXBuildFile; fileRef = F46B522727B4113100E9E18F /* AccountView.swift */; };
		F46B522A27B4113A00E9E18F /* OrderView.swift in Sources */ = {isa = PBXBuildFile; fileRef = F46B522927B4113A00E9E18F /* OrderView.swift */; };
		F46B522D27B41C8700E9E18F /* TastySnack.swift in Sources */ = {isa = PBXBuildFile; fileRef = F46B522C27B41C8700E9E18F /* TastySnack.swift */; };
		F46B522F27B41E4600E9E18F /* TastySnackResponse.swift in Sources */ = {isa = PBXBuildFile; fileRef = F46B522E27B41E4600E9E18F /* TastySnackResponse.swift */; };
		F46B523427B4211B00E9E18F /* SnackListCell.swift in Sources */ = {isa = PBXBuildFile; fileRef = F46B523327B4211B00E9E18F /* SnackListCell.swift */; };
		F46B523727B45CC000E9E18F /* NetworkManager.swift in Sources */ = {isa = PBXBuildFile; fileRef = F46B523627B45CC000E9E18F /* NetworkManager.swift */; };
		F46B523A27B45F9A00E9E18F /* ErrorType.swift in Sources */ = {isa = PBXBuildFile; fileRef = F46B523927B45F9A00E9E18F /* ErrorType.swift */; };
		F46B523D27B4668300E9E18F /* TastySnacksListViewModel.swift in Sources */ = {isa = PBXBuildFile; fileRef = F46B523C27B4668300E9E18F /* TastySnacksListViewModel.swift */; };
		F46B524127B5A60700E9E18F /* AlertItem.swift in Sources */ = {isa = PBXBuildFile; fileRef = F46B524027B5A60700E9E18F /* AlertItem.swift */; };
		F46B524327B5A63500E9E18F /* AlertContext.swift in Sources */ = {isa = PBXBuildFile; fileRef = F46B524227B5A63500E9E18F /* AlertContext.swift */; };
		F46B524527B5A6BE00E9E18F /* ErrorDescription.swift in Sources */ = {isa = PBXBuildFile; fileRef = F46B524427B5A6BE00E9E18F /* ErrorDescription.swift */; };
		F46B524727B5ABAD00E9E18F /* LoadingView.swift in Sources */ = {isa = PBXBuildFile; fileRef = F46B524627B5ABAD00E9E18F /* LoadingView.swift */; };
		F46B524A27B5ACC900E9E18F /* Color+Extension.swift in Sources */ = {isa = PBXBuildFile; fileRef = F46B524927B5ACC900E9E18F /* Color+Extension.swift */; };
/* End PBXBuildFile section */

/* Begin PBXFileReference section */
		F46B521327B40F8A00E9E18F /* TastySnacks.app */ = {isa = PBXFileReference; explicitFileType = wrapper.application; includeInIndex = 0; path = TastySnacks.app; sourceTree = BUILT_PRODUCTS_DIR; };
		F46B521627B40F8A00E9E18F /* TastySnacksApp.swift */ = {isa = PBXFileReference; lastKnownFileType = sourcecode.swift; path = TastySnacksApp.swift; sourceTree = "<group>"; };
		F46B521827B40F8A00E9E18F /* TastySnacksTabView.swift */ = {isa = PBXFileReference; lastKnownFileType = sourcecode.swift; path = TastySnacksTabView.swift; sourceTree = "<group>"; };
		F46B521A27B40F8D00E9E18F /* Assets.xcassets */ = {isa = PBXFileReference; lastKnownFileType = folder.assetcatalog; path = Assets.xcassets; sourceTree = "<group>"; };
		F46B521D27B40F8D00E9E18F /* Preview Assets.xcassets */ = {isa = PBXFileReference; lastKnownFileType = folder.assetcatalog; path = "Preview Assets.xcassets"; sourceTree = "<group>"; };
		F46B522527B4111E00E9E18F /* TastySnackListView.swift */ = {isa = PBXFileReference; lastKnownFileType = sourcecode.swift; path = TastySnackListView.swift; sourceTree = "<group>"; };
		F46B522727B4113100E9E18F /* AccountView.swift */ = {isa = PBXFileReference; lastKnownFileType = sourcecode.swift; path = AccountView.swift; sourceTree = "<group>"; };
		F46B522927B4113A00E9E18F /* OrderView.swift */ = {isa = PBXFileReference; lastKnownFileType = sourcecode.swift; path = OrderView.swift; sourceTree = "<group>"; };
		F46B522C27B41C8700E9E18F /* TastySnack.swift */ = {isa = PBXFileReference; lastKnownFileType = sourcecode.swift; path = TastySnack.swift; sourceTree = "<group>"; };
		F46B522E27B41E4600E9E18F /* TastySnackResponse.swift */ = {isa = PBXFileReference; lastKnownFileType = sourcecode.swift; path = TastySnackResponse.swift; sourceTree = "<group>"; };
		F46B523327B4211B00E9E18F /* SnackListCell.swift */ = {isa = PBXFileReference; lastKnownFileType = sourcecode.swift; path = SnackListCell.swift; sourceTree = "<group>"; };
		F46B523627B45CC000E9E18F /* NetworkManager.swift */ = {isa = PBXFileReference; lastKnownFileType = sourcecode.swift; path = NetworkManager.swift; sourceTree = "<group>"; };
		F46B523927B45F9A00E9E18F /* ErrorType.swift */ = {isa = PBXFileReference; lastKnownFileType = sourcecode.swift; path = ErrorType.swift; sourceTree = "<group>"; };
		F46B523C27B4668300E9E18F /* TastySnacksListViewModel.swift */ = {isa = PBXFileReference; lastKnownFileType = sourcecode.swift; path = TastySnacksListViewModel.swift; sourceTree = "<group>"; };
		F46B524027B5A60700E9E18F /* AlertItem.swift */ = {isa = PBXFileReference; lastKnownFileType = sourcecode.swift; path = AlertItem.swift; sourceTree = "<group>"; };
		F46B524227B5A63500E9E18F /* AlertContext.swift */ = {isa = PBXFileReference; lastKnownFileType = sourcecode.swift; path = AlertContext.swift; sourceTree = "<group>"; };
		F46B524427B5A6BE00E9E18F /* ErrorDescription.swift */ = {isa = PBXFileReference; lastKnownFileType = sourcecode.swift; path = ErrorDescription.swift; sourceTree = "<group>"; };
		F46B524627B5ABAD00E9E18F /* LoadingView.swift */ = {isa = PBXFileReference; lastKnownFileType = sourcecode.swift; path = LoadingView.swift; sourceTree = "<group>"; };
		F46B524927B5ACC900E9E18F /* Color+Extension.swift */ = {isa = PBXFileReference; lastKnownFileType = sourcecode.swift; path = "Color+Extension.swift"; sourceTree = "<group>"; };
/* End PBXFileReference section */

/* Begin PBXFrameworksBuildPhase section */
		F46B521027B40F8A00E9E18F /* Frameworks */ = {
			isa = PBXFrameworksBuildPhase;
			buildActionMask = 2147483647;
			files = (
			);
			runOnlyForDeploymentPostprocessing = 0;
		};
/* End PBXFrameworksBuildPhase section */

/* Begin PBXGroup section */
		F46B520A27B40F8A00E9E18F = {
			isa = PBXGroup;
			children = (
				F46B521527B40F8A00E9E18F /* TastySnacks */,
				F46B521427B40F8A00E9E18F /* Products */,
			);
			sourceTree = "<group>";
		};
		F46B521427B40F8A00E9E18F /* Products */ = {
			isa = PBXGroup;
			children = (
				F46B521327B40F8A00E9E18F /* TastySnacks.app */,
			);
			name = Products;
			sourceTree = "<group>";
		};
		F46B521527B40F8A00E9E18F /* TastySnacks */ = {
			isa = PBXGroup;
			children = (
				F46B523F27B5A5EF00E9E18F /* Alerts */,
				F46B523B27B4666800E9E18F /* ViewModels */,
				F46B523827B45F8800E9E18F /* Utilities */,
				F46B523227B420CC00E9E18F /* UIComponents */,
				F46B522B27B41B3000E9E18F /* Model */,
				F46B522427B410FC00E9E18F /* Views */,
				F46B521627B40F8A00E9E18F /* TastySnacksApp.swift */,
				F46B521827B40F8A00E9E18F /* TastySnacksTabView.swift */,
				F46B521A27B40F8D00E9E18F /* Assets.xcassets */,
				F46B521C27B40F8D00E9E18F /* Preview Content */,
			);
			path = TastySnacks;
			sourceTree = "<group>";
		};
		F46B521C27B40F8D00E9E18F /* Preview Content */ = {
			isa = PBXGroup;
			children = (
				F46B521D27B40F8D00E9E18F /* Preview Assets.xcassets */,
			);
			path = "Preview Content";
			sourceTree = "<group>";
		};
		F46B522427B410FC00E9E18F /* Views */ = {
			isa = PBXGroup;
			children = (
				F46B522527B4111E00E9E18F /* TastySnackListView.swift */,
				F46B522727B4113100E9E18F /* AccountView.swift */,
				F46B522927B4113A00E9E18F /* OrderView.swift */,
				F46B524627B5ABAD00E9E18F /* LoadingView.swift */,
			);
			path = Views;
			sourceTree = "<group>";
		};
		F46B522B27B41B3000E9E18F /* Model */ = {
			isa = PBXGroup;
			children = (
				F46B523527B45CA500E9E18F /* Manager */,
				F46B522C27B41C8700E9E18F /* TastySnack.swift */,
				F46B522E27B41E4600E9E18F /* TastySnackResponse.swift */,
			);
			path = Model;
			sourceTree = "<group>";
		};
		F46B523227B420CC00E9E18F /* UIComponents */ = {
			isa = PBXGroup;
			children = (
				F46B523327B4211B00E9E18F /* SnackListCell.swift */,
			);
			path = UIComponents;
			sourceTree = "<group>";
		};
		F46B523527B45CA500E9E18F /* Manager */ = {
			isa = PBXGroup;
			children = (
				F46B523627B45CC000E9E18F /* NetworkManager.swift */,
			);
			path = Manager;
			sourceTree = "<group>";
		};
		F46B523827B45F8800E9E18F /* Utilities */ = {
			isa = PBXGroup;
			children = (
				F46B524827B5ACB100E9E18F /* Extensions */,
				F46B523927B45F9A00E9E18F /* ErrorType.swift */,
			);
			path = Utilities;
			sourceTree = "<group>";
		};
		F46B523B27B4666800E9E18F /* ViewModels */ = {
			isa = PBXGroup;
			children = (
				F46B523C27B4668300E9E18F /* TastySnacksListViewModel.swift */,
			);
			path = ViewModels;
			sourceTree = "<group>";
		};
		F46B523F27B5A5EF00E9E18F /* Alerts */ = {
			isa = PBXGroup;
			children = (
				F46B524027B5A60700E9E18F /* AlertItem.swift */,
				F46B524227B5A63500E9E18F /* AlertContext.swift */,
				F46B524427B5A6BE00E9E18F /* ErrorDescription.swift */,
			);
			path = Alerts;
			sourceTree = "<group>";
		};
		F46B524827B5ACB100E9E18F /* Extensions */ = {
			isa = PBXGroup;
			children = (
				F46B524927B5ACC900E9E18F /* Color+Extension.swift */,
			);
			path = Extensions;
			sourceTree = "<group>";
		};
/* End PBXGroup section */

/* Begin PBXNativeTarget section */
		F46B521227B40F8A00E9E18F /* TastySnacks */ = {
			isa = PBXNativeTarget;
			buildConfigurationList = F46B522127B40F8D00E9E18F /* Build configuration list for PBXNativeTarget "TastySnacks" */;
			buildPhases = (
				F46B520F27B40F8A00E9E18F /* Sources */,
				F46B521027B40F8A00E9E18F /* Frameworks */,
				F46B521127B40F8A00E9E18F /* Resources */,
			);
			buildRules = (
			);
			dependencies = (
			);
			name = TastySnacks;
			productName = TastySnacks;
			productReference = F46B521327B40F8A00E9E18F /* TastySnacks.app */;
			productType = "com.apple.product-type.application";
		};
/* End PBXNativeTarget section */

/* Begin PBXProject section */
		F46B520B27B40F8A00E9E18F /* Project object */ = {
			isa = PBXProject;
			attributes = {
				BuildIndependentTargetsInParallel = 1;
				LastSwiftUpdateCheck = 1320;
				LastUpgradeCheck = 1320;
				TargetAttributes = {
					F46B521227B40F8A00E9E18F = {
						CreatedOnToolsVersion = 13.2.1;
					};
				};
			};
			buildConfigurationList = F46B520E27B40F8A00E9E18F /* Build configuration list for PBXProject "TastySnacks" */;
			compatibilityVersion = "Xcode 13.0";
			developmentRegion = en;
			hasScannedForEncodings = 0;
			knownRegions = (
				en,
				Base,
			);
			mainGroup = F46B520A27B40F8A00E9E18F;
			productRefGroup = F46B521427B40F8A00E9E18F /* Products */;
			projectDirPath = "";
			projectRoot = "";
			targets = (
				F46B521227B40F8A00E9E18F /* TastySnacks */,
			);
		};
/* End PBXProject section */

/* Begin PBXResourcesBuildPhase section */
		F46B521127B40F8A00E9E18F /* Resources */ = {
			isa = PBXResourcesBuildPhase;
			buildActionMask = 2147483647;
			files = (
				F46B521E27B40F8D00E9E18F /* Preview Assets.xcassets in Resources */,
				F46B521B27B40F8D00E9E18F /* Assets.xcassets in Resources */,
			);
			runOnlyForDeploymentPostprocessing = 0;
		};
/* End PBXResourcesBuildPhase section */

/* Begin PBXSourcesBuildPhase section */
		F46B520F27B40F8A00E9E18F /* Sources */ = {
			isa = PBXSourcesBuildPhase;
			buildActionMask = 2147483647;
			files = (
				F46B524327B5A63500E9E18F /* AlertContext.swift in Sources */,
				F46B523727B45CC000E9E18F /* NetworkManager.swift in Sources */,
				F46B524127B5A60700E9E18F /* AlertItem.swift in Sources */,
				F46B522827B4113100E9E18F /* AccountView.swift in Sources */,
				F46B521927B40F8A00E9E18F /* TastySnacksTabView.swift in Sources */,
				F46B523427B4211B00E9E18F /* SnackListCell.swift in Sources */,
				F46B522D27B41C8700E9E18F /* TastySnack.swift in Sources */,
				F46B524A27B5ACC900E9E18F /* Color+Extension.swift in Sources */,
				F46B523D27B4668300E9E18F /* TastySnacksListViewModel.swift in Sources */,
				F46B524727B5ABAD00E9E18F /* LoadingView.swift in Sources */,
				F46B522F27B41E4600E9E18F /* TastySnackResponse.swift in Sources */,
				F46B524527B5A6BE00E9E18F /* ErrorDescription.swift in Sources */,
				F46B523A27B45F9A00E9E18F /* ErrorType.swift in Sources */,
				F46B521727B40F8A00E9E18F /* TastySnacksApp.swift in Sources */,
				F46B522627B4111E00E9E18F /* TastySnackListView.swift in Sources */,
				F46B522A27B4113A00E9E18F /* OrderView.swift in Sources */,
			);
			runOnlyForDeploymentPostprocessing = 0;
		};
/* End PBXSourcesBuildPhase section */

/* Begin XCBuildConfiguration section */
		F46B521F27B40F8D00E9E18F /* Debug */ = {
			isa = XCBuildConfiguration;
			buildSettings = {
				ALWAYS_SEARCH_USER_PATHS = NO;
				CLANG_ANALYZER_NONNULL = YES;
				CLANG_ANALYZER_NUMBER_OBJECT_CONVERSION = YES_AGGRESSIVE;
				CLANG_CXX_LANGUAGE_STANDARD = "gnu++17";
				CLANG_CXX_LIBRARY = "libc++";
				CLANG_ENABLE_MODULES = YES;
				CLANG_ENABLE_OBJC_ARC = YES;
				CLANG_ENABLE_OBJC_WEAK = YES;
				CLANG_WARN_BLOCK_CAPTURE_AUTORELEASING = YES;
				CLANG_WARN_BOOL_CONVERSION = YES;
				CLANG_WARN_COMMA = YES;
				CLANG_WARN_CONSTANT_CONVERSION = YES;
				CLANG_WARN_DEPRECATED_OBJC_IMPLEMENTATIONS = YES;
				CLANG_WARN_DIRECT_OBJC_ISA_USAGE = YES_ERROR;
				CLANG_WARN_DOCUMENTATION_COMMENTS = YES;
				CLANG_WARN_EMPTY_BODY = YES;
				CLANG_WARN_ENUM_CONVERSION = YES;
				CLANG_WARN_INFINITE_RECURSION = YES;
				CLANG_WARN_INT_CONVERSION = YES;
				CLANG_WARN_NON_LITERAL_NULL_CONVERSION = YES;
				CLANG_WARN_OBJC_IMPLICIT_RETAIN_SELF = YES;
				CLANG_WARN_OBJC_LITERAL_CONVERSION = YES;
				CLANG_WARN_OBJC_ROOT_CLASS = YES_ERROR;
				CLANG_WARN_QUOTED_INCLUDE_IN_FRAMEWORK_HEADER = YES;
				CLANG_WARN_RANGE_LOOP_ANALYSIS = YES;
				CLANG_WARN_STRICT_PROTOTYPES = YES;
				CLANG_WARN_SUSPICIOUS_MOVE = YES;
				CLANG_WARN_UNGUARDED_AVAILABILITY = YES_AGGRESSIVE;
				CLANG_WARN_UNREACHABLE_CODE = YES;
				CLANG_WARN__DUPLICATE_METHOD_MATCH = YES;
				COPY_PHASE_STRIP = NO;
				DEBUG_INFORMATION_FORMAT = dwarf;
				ENABLE_STRICT_OBJC_MSGSEND = YES;
				ENABLE_TESTABILITY = YES;
				GCC_C_LANGUAGE_STANDARD = gnu11;
				GCC_DYNAMIC_NO_PIC = NO;
				GCC_NO_COMMON_BLOCKS = YES;
				GCC_OPTIMIZATION_LEVEL = 0;
				GCC_PREPROCESSOR_DEFINITIONS = (
					"DEBUG=1",
					"$(inherited)",
				);
				GCC_WARN_64_TO_32_BIT_CONVERSION = YES;
				GCC_WARN_ABOUT_RETURN_TYPE = YES_ERROR;
				GCC_WARN_UNDECLARED_SELECTOR = YES;
				GCC_WARN_UNINITIALIZED_AUTOS = YES_AGGRESSIVE;
				GCC_WARN_UNUSED_FUNCTION = YES;
				GCC_WARN_UNUSED_VARIABLE = YES;
				IPHONEOS_DEPLOYMENT_TARGET = 15.2;
				MTL_ENABLE_DEBUG_INFO = INCLUDE_SOURCE;
				MTL_FAST_MATH = YES;
				ONLY_ACTIVE_ARCH = YES;
				SDKROOT = iphoneos;
				SWIFT_ACTIVE_COMPILATION_CONDITIONS = DEBUG;
				SWIFT_OPTIMIZATION_LEVEL = "-Onone";
			};
			name = Debug;
		};
		F46B522027B40F8D00E9E18F /* Release */ = {
			isa = XCBuildConfiguration;
			buildSettings = {
				ALWAYS_SEARCH_USER_PATHS = NO;
				CLANG_ANALYZER_NONNULL = YES;
				CLANG_ANALYZER_NUMBER_OBJECT_CONVERSION = YES_AGGRESSIVE;
				CLANG_CXX_LANGUAGE_STANDARD = "gnu++17";
				CLANG_CXX_LIBRARY = "libc++";
				CLANG_ENABLE_MODULES = YES;
				CLANG_ENABLE_OBJC_ARC = YES;
				CLANG_ENABLE_OBJC_WEAK = YES;
				CLANG_WARN_BLOCK_CAPTURE_AUTORELEASING = YES;
				CLANG_WARN_BOOL_CONVERSION = YES;
				CLANG_WARN_COMMA = YES;
				CLANG_WARN_CONSTANT_CONVERSION = YES;
				CLANG_WARN_DEPRECATED_OBJC_IMPLEMENTATIONS = YES;
				CLANG_WARN_DIRECT_OBJC_ISA_USAGE = YES_ERROR;
				CLANG_WARN_DOCUMENTATION_COMMENTS = YES;
				CLANG_WARN_EMPTY_BODY = YES;
				CLANG_WARN_ENUM_CONVERSION = YES;
				CLANG_WARN_INFINITE_RECURSION = YES;
				CLANG_WARN_INT_CONVERSION = YES;
				CLANG_WARN_NON_LITERAL_NULL_CONVERSION = YES;
				CLANG_WARN_OBJC_IMPLICIT_RETAIN_SELF = YES;
				CLANG_WARN_OBJC_LITERAL_CONVERSION = YES;
				CLANG_WARN_OBJC_ROOT_CLASS = YES_ERROR;
				CLANG_WARN_QUOTED_INCLUDE_IN_FRAMEWORK_HEADER = YES;
				CLANG_WARN_RANGE_LOOP_ANALYSIS = YES;
				CLANG_WARN_STRICT_PROTOTYPES = YES;
				CLANG_WARN_SUSPICIOUS_MOVE = YES;
				CLANG_WARN_UNGUARDED_AVAILABILITY = YES_AGGRESSIVE;
				CLANG_WARN_UNREACHABLE_CODE = YES;
				CLANG_WARN__DUPLICATE_METHOD_MATCH = YES;
				COPY_PHASE_STRIP = NO;
				DEBUG_INFORMATION_FORMAT = "dwarf-with-dsym";
				ENABLE_NS_ASSERTIONS = NO;
				ENABLE_STRICT_OBJC_MSGSEND = YES;
				GCC_C_LANGUAGE_STANDARD = gnu11;
				GCC_NO_COMMON_BLOCKS = YES;
				GCC_WARN_64_TO_32_BIT_CONVERSION = YES;
				GCC_WARN_ABOUT_RETURN_TYPE = YES_ERROR;
				GCC_WARN_UNDECLARED_SELECTOR = YES;
				GCC_WARN_UNINITIALIZED_AUTOS = YES_AGGRESSIVE;
				GCC_WARN_UNUSED_FUNCTION = YES;
				GCC_WARN_UNUSED_VARIABLE = YES;
				IPHONEOS_DEPLOYMENT_TARGET = 15.2;
				MTL_ENABLE_DEBUG_INFO = NO;
				MTL_FAST_MATH = YES;
				SDKROOT = iphoneos;
				SWIFT_COMPILATION_MODE = wholemodule;
				SWIFT_OPTIMIZATION_LEVEL = "-O";
				VALIDATE_PRODUCT = YES;
			};
			name = Release;
		};
		F46B522227B40F8D00E9E18F /* Debug */ = {
			isa = XCBuildConfiguration;
			buildSettings = {
				ASSETCATALOG_COMPILER_APPICON_NAME = AppIcon;
				ASSETCATALOG_COMPILER_GLOBAL_ACCENT_COLOR_NAME = AccentColor;
				CODE_SIGN_STYLE = Automatic;
				CURRENT_PROJECT_VERSION = 1;
				DEVELOPMENT_ASSET_PATHS = "\"TastySnacks/Preview Content\"";
				ENABLE_PREVIEWS = YES;
				GENERATE_INFOPLIST_FILE = YES;
				INFOPLIST_KEY_UIApplicationSceneManifest_Generation = YES;
				INFOPLIST_KEY_UIApplicationSupportsIndirectInputEvents = YES;
				INFOPLIST_KEY_UILaunchScreen_Generation = YES;
				INFOPLIST_KEY_UISupportedInterfaceOrientations_iPad = "UIInterfaceOrientationPortrait UIInterfaceOrientationPortraitUpsideDown UIInterfaceOrientationLandscapeLeft UIInterfaceOrientationLandscapeRight";
				INFOPLIST_KEY_UISupportedInterfaceOrientations_iPhone = "UIInterfaceOrientationPortrait UIInterfaceOrientationLandscapeLeft UIInterfaceOrientationLandscapeRight";
				LD_RUNPATH_SEARCH_PATHS = (
					"$(inherited)",
					"@executable_path/Frameworks",
				);
				MARKETING_VERSION = 1.0;
				PRODUCT_BUNDLE_IDENTIFIER = oliwia.TastySnacks;
				PRODUCT_NAME = "$(TARGET_NAME)";
				SWIFT_EMIT_LOC_STRINGS = YES;
				SWIFT_VERSION = 5.0;
				TARGETED_DEVICE_FAMILY = "1,2";
			};
			name = Debug;
		};
		F46B522327B40F8D00E9E18F /* Release */ = {
			isa = XCBuildConfiguration;
			buildSettings = {
				ASSETCATALOG_COMPILER_APPICON_NAME = AppIcon;
				ASSETCATALOG_COMPILER_GLOBAL_ACCENT_COLOR_NAME = AccentColor;
				CODE_SIGN_STYLE = Automatic;
				CURRENT_PROJECT_VERSION = 1;
				DEVELOPMENT_ASSET_PATHS = "\"TastySnacks/Preview Content\"";
				ENABLE_PREVIEWS = YES;
				GENERATE_INFOPLIST_FILE = YES;
				INFOPLIST_KEY_UIApplicationSceneManifest_Generation = YES;
				INFOPLIST_KEY_UIApplicationSupportsIndirectInputEvents = YES;
				INFOPLIST_KEY_UILaunchScreen_Generation = YES;
				INFOPLIST_KEY_UISupportedInterfaceOrientations_iPad = "UIInterfaceOrientationPortrait UIInterfaceOrientationPortraitUpsideDown UIInterfaceOrientationLandscapeLeft UIInterfaceOrientationLandscapeRight";
				INFOPLIST_KEY_UISupportedInterfaceOrientations_iPhone = "UIInterfaceOrientationPortrait UIInterfaceOrientationLandscapeLeft UIInterfaceOrientationLandscapeRight";
				LD_RUNPATH_SEARCH_PATHS = (
					"$(inherited)",
					"@executable_path/Frameworks",
				);
				MARKETING_VERSION = 1.0;
				PRODUCT_BUNDLE_IDENTIFIER = oliwia.TastySnacks;
				PRODUCT_NAME = "$(TARGET_NAME)";
				SWIFT_EMIT_LOC_STRINGS = YES;
				SWIFT_VERSION = 5.0;
				TARGETED_DEVICE_FAMILY = "1,2";
			};
			name = Release;
		};
/* End XCBuildConfiguration section */

/* Begin XCConfigurationList section */
		F46B520E27B40F8A00E9E18F /* Build configuration list for PBXProject "TastySnacks" */ = {
			isa = XCConfigurationList;
			buildConfigurations = (
				F46B521F27B40F8D00E9E18F /* Debug */,
				F46B522027B40F8D00E9E18F /* Release */,
			);
			defaultConfigurationIsVisible = 0;
			defaultConfigurationName = Release;
		};
		F46B522127B40F8D00E9E18F /* Build configuration list for PBXNativeTarget "TastySnacks" */ = {
			isa = XCConfigurationList;
			buildConfigurations = (
				F46B522227B40F8D00E9E18F /* Debug */,
				F46B522327B40F8D00E9E18F /* Release */,
			);
			defaultConfigurationIsVisible = 0;
			defaultConfigurationName = Release;
		};
/* End XCConfigurationList section */
	};
	rootObject = F46B520B27B40F8A00E9E18F /* Project object */;
}
